// !$*UTF8*$!
{
	archiveVersion = 1;
	classes = {
	};
	objectVersion = 56;
	objects = {

/* Begin PBXBuildFile section */
		BF3AF23D2DABA5EA00915ACD /* AppDelegate.swift in Sources */ = {isa = PBXBuildFile; fileRef = BF3AF23C2DABA5EA00915ACD /* AppDelegate.swift */; };
		BF3AF23F2DABA5EA00915ACD /* SceneDelegate.swift in Sources */ = {isa = PBXBuildFile; fileRef = BF3AF23E2DABA5EA00915ACD /* SceneDelegate.swift */; };
		BF3AF2412DABA5EA00915ACD /* GameViewController.swift in Sources */ = {isa = PBXBuildFile; fileRef = BF3AF2402DABA5EA00915ACD /* GameViewController.swift */; };
		BF3AF2462DABA5ED00915ACD /* Assets.xcassets in Resources */ = {isa = PBXBuildFile; fileRef = BF3AF2452DABA5ED00915ACD /* Assets.xcassets */; };
		BF3AF2492DABA5ED00915ACD /* LaunchScreen.storyboard in Resources */ = {isa = PBXBuildFile; fileRef = BF3AF2472DABA5ED00915ACD /* LaunchScreen.storyboard */; };
		BFA04F1F2DBA13E3008C888E /* GameSession.swift in Sources */ = {isa = PBXBuildFile; fileRef = BFA04F1E2DBA13E3008C888E /* GameSession.swift */; };
		BFA04F212DBA141B008C888E /* GameSettings.swift in Sources */ = {isa = PBXBuildFile; fileRef = BFA04F202DBA141B008C888E /* GameSettings.swift */; };
		BFA04F242DBA147E008C888E /* GameViewModel.swift in Sources */ = {isa = PBXBuildFile; fileRef = BFA04F232DBA147E008C888E /* GameViewModel.swift */; };
/* End PBXBuildFile section */

/* Begin PBXFileReference section */
		BF3AF2392DABA5EA00915ACD /* Typesetter.app */ = {isa = PBXFileReference; explicitFileType = wrapper.application; includeInIndex = 0; path = Typesetter.app; sourceTree = BUILT_PRODUCTS_DIR; };
		BF3AF23C2DABA5EA00915ACD /* AppDelegate.swift */ = {isa = PBXFileReference; lastKnownFileType = sourcecode.swift; path = AppDelegate.swift; sourceTree = "<group>"; };
		BF3AF23E2DABA5EA00915ACD /* SceneDelegate.swift */ = {isa = PBXFileReference; lastKnownFileType = sourcecode.swift; path = SceneDelegate.swift; sourceTree = "<group>"; };
		BF3AF2402DABA5EA00915ACD /* GameViewController.swift */ = {isa = PBXFileReference; lastKnownFileType = sourcecode.swift; path = GameViewController.swift; sourceTree = "<group>"; };
		BF3AF2452DABA5ED00915ACD /* Assets.xcassets */ = {isa = PBXFileReference; lastKnownFileType = folder.assetcatalog; path = Assets.xcassets; sourceTree = "<group>"; };
		BF3AF2482DABA5ED00915ACD /* Base */ = {isa = PBXFileReference; lastKnownFileType = file.storyboard; name = Base; path = Base.lproj/LaunchScreen.storyboard; sourceTree = "<group>"; };
		BF3AF24A2DABA5ED00915ACD /* Info.plist */ = {isa = PBXFileReference; lastKnownFileType = text.plist.xml; path = Info.plist; sourceTree = "<group>"; };
		BFA04F1E2DBA13E3008C888E /* GameSession.swift */ = {isa = PBXFileReference; lastKnownFileType = sourcecode.swift; path = GameSession.swift; sourceTree = "<group>"; };
		BFA04F202DBA141B008C888E /* GameSettings.swift */ = {isa = PBXFileReference; lastKnownFileType = sourcecode.swift; path = GameSettings.swift; sourceTree = "<group>"; };
		BFA04F232DBA147E008C888E /* GameViewModel.swift */ = {isa = PBXFileReference; lastKnownFileType = sourcecode.swift; path = GameViewModel.swift; sourceTree = "<group>"; };
/* End PBXFileReference section */

/* Begin PBXFrameworksBuildPhase section */
		BF3AF2362DABA5EA00915ACD /* Frameworks */ = {
			isa = PBXFrameworksBuildPhase;
			buildActionMask = 2147483647;
			files = (
			);
			runOnlyForDeploymentPostprocessing = 0;
		};
/* End PBXFrameworksBuildPhase section */

/* Begin PBXGroup section */
		BF3AF2302DABA5EA00915ACD = {
			isa = PBXGroup;
			children = (
				BF3AF23B2DABA5EA00915ACD /* Typesetter */,
				BF3AF23A2DABA5EA00915ACD /* Products */,
			);
			sourceTree = "<group>";
		};
		BF3AF23A2DABA5EA00915ACD /* Products */ = {
			isa = PBXGroup;
			children = (
				BF3AF2392DABA5EA00915ACD /* Typesetter.app */,
			);
			name = Products;
			sourceTree = "<group>";
		};
		BF3AF23B2DABA5EA00915ACD /* Typesetter */ = {
			isa = PBXGroup;
			children = (
				BFA04F1C2DBA12BF008C888E /* Modules */,
				BF3AF23C2DABA5EA00915ACD /* AppDelegate.swift */,
				BF3AF23E2DABA5EA00915ACD /* SceneDelegate.swift */,
				BF3AF2452DABA5ED00915ACD /* Assets.xcassets */,
				BF3AF2472DABA5ED00915ACD /* LaunchScreen.storyboard */,
				BF3AF24A2DABA5ED00915ACD /* Info.plist */,
			);
			path = Typesetter;
			sourceTree = "<group>";
		};
		BFA04F1A2DBA0A62008C888E /* Model */ = {
			isa = PBXGroup;
			children = (
				BFA04F1E2DBA13E3008C888E /* GameSession.swift */,
				BFA04F202DBA141B008C888E /* GameSettings.swift */,
			);
			path = Model;
			sourceTree = "<group>";
		};
		BFA04F1B2DBA0A71008C888E /* ViewModel */ = {
			isa = PBXGroup;
			children = (
				BFA04F232DBA147E008C888E /* GameViewModel.swift */,
			);
			path = ViewModel;
			sourceTree = "<group>";
		};
		BFA04F1C2DBA12BF008C888E /* Modules */ = {
			isa = PBXGroup;
			children = (
				BFA04F1D2DBA1363008C888E /* Game */,
			);
			path = Modules;
			sourceTree = "<group>";
		};
		BFA04F1D2DBA1363008C888E /* Game */ = {
			isa = PBXGroup;
			children = (
				BFA04F222DBA1426008C888E /* View */,
				BFA04F1A2DBA0A62008C888E /* Model */,
				BFA04F1B2DBA0A71008C888E /* ViewModel */,
			);
			path = Game;
			sourceTree = "<group>";
		};
		BFA04F222DBA1426008C888E /* View */ = {
			isa = PBXGroup;
			children = (
				BF3AF2402DABA5EA00915ACD /* GameViewController.swift */,
			);
			path = View;
			sourceTree = "<group>";
		};
/* End PBXGroup section */

/* Begin PBXNativeTarget section */
		BF3AF2382DABA5EA00915ACD /* Typesetter */ = {
			isa = PBXNativeTarget;
			buildConfigurationList = BF3AF24D2DABA5ED00915ACD /* Build configuration list for PBXNativeTarget "Typesetter" */;
			buildPhases = (
				BF3AF2352DABA5EA00915ACD /* Sources */,
				BF3AF2362DABA5EA00915ACD /* Frameworks */,
				BF3AF2372DABA5EA00915ACD /* Resources */,
			);
			buildRules = (
			);
			dependencies = (
			);
			name = Typesetter;
			productName = Typesetter;
			productReference = BF3AF2392DABA5EA00915ACD /* Typesetter.app */;
			productType = "com.apple.product-type.application";
		};
/* End PBXNativeTarget section */

/* Begin PBXProject section */
		BF3AF2312DABA5EA00915ACD /* Project object */ = {
			isa = PBXProject;
			attributes = {
				BuildIndependentTargetsInParallel = 1;
				LastSwiftUpdateCheck = 1520;
				LastUpgradeCheck = 1520;
				TargetAttributes = {
					BF3AF2382DABA5EA00915ACD = {
						CreatedOnToolsVersion = 15.2;
					};
				};
			};
			buildConfigurationList = BF3AF2342DABA5EA00915ACD /* Build configuration list for PBXProject "Typesetter" */;
			compatibilityVersion = "Xcode 14.0";
			developmentRegion = en;
			hasScannedForEncodings = 0;
			knownRegions = (
				en,
				Base,
			);
			mainGroup = BF3AF2302DABA5EA00915ACD;
			productRefGroup = BF3AF23A2DABA5EA00915ACD /* Products */;
			projectDirPath = "";
			projectRoot = "";
			targets = (
				BF3AF2382DABA5EA00915ACD /* Typesetter */,
			);
		};
/* End PBXProject section */

/* Begin PBXResourcesBuildPhase section */
		BF3AF2372DABA5EA00915ACD /* Resources */ = {
			isa = PBXResourcesBuildPhase;
			buildActionMask = 2147483647;
			files = (
				BF3AF2492DABA5ED00915ACD /* LaunchScreen.storyboard in Resources */,
				BF3AF2462DABA5ED00915ACD /* Assets.xcassets in Resources */,
			);
			runOnlyForDeploymentPostprocessing = 0;
		};
/* End PBXResourcesBuildPhase section */

/* Begin PBXSourcesBuildPhase section */
		BF3AF2352DABA5EA00915ACD /* Sources */ = {
			isa = PBXSourcesBuildPhase;
			buildActionMask = 2147483647;
			files = (
				BF3AF2412DABA5EA00915ACD /* GameViewController.swift in Sources */,
				BF3AF23D2DABA5EA00915ACD /* AppDelegate.swift in Sources */,
				BFA04F212DBA141B008C888E /* GameSettings.swift in Sources */,
				BFA04F1F2DBA13E3008C888E /* GameSession.swift in Sources */,
				BFA04F242DBA147E008C888E /* GameViewModel.swift in Sources */,
				BF3AF23F2DABA5EA00915ACD /* SceneDelegate.swift in Sources */,
			);
			runOnlyForDeploymentPostprocessing = 0;
		};
/* End PBXSourcesBuildPhase section */

/* Begin PBXVariantGroup section */
		BF3AF2472DABA5ED00915ACD /* LaunchScreen.storyboard */ = {
			isa = PBXVariantGroup;
			children = (
				BF3AF2482DABA5ED00915ACD /* Base */,
			);
			name = LaunchScreen.storyboard;
			sourceTree = "<group>";
		};
/* End PBXVariantGroup section */

/* Begin XCBuildConfiguration section */
		BF3AF24B2DABA5ED00915ACD /* Debug */ = {
			isa = XCBuildConfiguration;
			buildSettings = {
				ALWAYS_SEARCH_USER_PATHS = NO;
				ASSETCATALOG_COMPILER_GENERATE_SWIFT_ASSET_SYMBOL_EXTENSIONS = YES;
				CLANG_ANALYZER_NONNULL = YES;
				CLANG_ANALYZER_NUMBER_OBJECT_CONVERSION = YES_AGGRESSIVE;
				CLANG_CXX_LANGUAGE_STANDARD = "gnu++20";
				CLANG_ENABLE_MODULES = YES;
				CLANG_ENABLE_OBJC_ARC = YES;
				CLANG_ENABLE_OBJC_WEAK = YES;
				CLANG_WARN_BLOCK_CAPTURE_AUTORELEASING = YES;
				CLANG_WARN_BOOL_CONVERSION = YES;
				CLANG_WARN_COMMA = YES;
				CLANG_WARN_CONSTANT_CONVERSION = YES;
				CLANG_WARN_DEPRECATED_OBJC_IMPLEMENTATIONS = YES;
				CLANG_WARN_DIRECT_OBJC_ISA_USAGE = YES_ERROR;
				CLANG_WARN_DOCUMENTATION_COMMENTS = YES;
				CLANG_WARN_EMPTY_BODY = YES;
				CLANG_WARN_ENUM_CONVERSION = YES;
				CLANG_WARN_INFINITE_RECURSION = YES;
				CLANG_WARN_INT_CONVERSION = YES;
				CLANG_WARN_NON_LITERAL_NULL_CONVERSION = YES;
				CLANG_WARN_OBJC_IMPLICIT_RETAIN_SELF = YES;
				CLANG_WARN_OBJC_LITERAL_CONVERSION = YES;
				CLANG_WARN_OBJC_ROOT_CLASS = YES_ERROR;
				CLANG_WARN_QUOTED_INCLUDE_IN_FRAMEWORK_HEADER = YES;
				CLANG_WARN_RANGE_LOOP_ANALYSIS = YES;
				CLANG_WARN_STRICT_PROTOTYPES = YES;
				CLANG_WARN_SUSPICIOUS_MOVE = YES;
				CLANG_WARN_UNGUARDED_AVAILABILITY = YES_AGGRESSIVE;
				CLANG_WARN_UNREACHABLE_CODE = YES;
				CLANG_WARN__DUPLICATE_METHOD_MATCH = YES;
				COPY_PHASE_STRIP = NO;
				DEBUG_INFORMATION_FORMAT = dwarf;
				ENABLE_STRICT_OBJC_MSGSEND = YES;
				ENABLE_TESTABILITY = YES;
				ENABLE_USER_SCRIPT_SANDBOXING = YES;
				GCC_C_LANGUAGE_STANDARD = gnu17;
				GCC_DYNAMIC_NO_PIC = NO;
				GCC_NO_COMMON_BLOCKS = YES;
				GCC_OPTIMIZATION_LEVEL = 0;
				GCC_PREPROCESSOR_DEFINITIONS = (
					"DEBUG=1",
					"$(inherited)",
				);
				GCC_WARN_64_TO_32_BIT_CONVERSION = YES;
				GCC_WARN_ABOUT_RETURN_TYPE = YES_ERROR;
				GCC_WARN_UNDECLARED_SELECTOR = YES;
				GCC_WARN_UNINITIALIZED_AUTOS = YES_AGGRESSIVE;
				GCC_WARN_UNUSED_FUNCTION = YES;
				GCC_WARN_UNUSED_VARIABLE = YES;
				IPHONEOS_DEPLOYMENT_TARGET = 17.2;
				LOCALIZATION_PREFERS_STRING_CATALOGS = YES;
				MTL_ENABLE_DEBUG_INFO = INCLUDE_SOURCE;
				MTL_FAST_MATH = YES;
				ONLY_ACTIVE_ARCH = YES;
				SDKROOT = iphoneos;
				SWIFT_ACTIVE_COMPILATION_CONDITIONS = "DEBUG $(inherited)";
				SWIFT_OPTIMIZATION_LEVEL = "-Onone";
			};
			name = Debug;
		};
		BF3AF24C2DABA5ED00915ACD /* Release */ = {
			isa = XCBuildConfiguration;
			buildSettings = {
				ALWAYS_SEARCH_USER_PATHS = NO;
				ASSETCATALOG_COMPILER_GENERATE_SWIFT_ASSET_SYMBOL_EXTENSIONS = YES;
				CLANG_ANALYZER_NONNULL = YES;
				CLANG_ANALYZER_NUMBER_OBJECT_CONVERSION = YES_AGGRESSIVE;
				CLANG_CXX_LANGUAGE_STANDARD = "gnu++20";
				CLANG_ENABLE_MODULES = YES;
				CLANG_ENABLE_OBJC_ARC = YES;
				CLANG_ENABLE_OBJC_WEAK = YES;
				CLANG_WARN_BLOCK_CAPTURE_AUTORELEASING = YES;
				CLANG_WARN_BOOL_CONVERSION = YES;
				CLANG_WARN_COMMA = YES;
				CLANG_WARN_CONSTANT_CONVERSION = YES;
				CLANG_WARN_DEPRECATED_OBJC_IMPLEMENTATIONS = YES;
				CLANG_WARN_DIRECT_OBJC_ISA_USAGE = YES_ERROR;
				CLANG_WARN_DOCUMENTATION_COMMENTS = YES;
				CLANG_WARN_EMPTY_BODY = YES;
				CLANG_WARN_ENUM_CONVERSION = YES;
				CLANG_WARN_INFINITE_RECURSION = YES;
				CLANG_WARN_INT_CONVERSION = YES;
				CLANG_WARN_NON_LITERAL_NULL_CONVERSION = YES;
				CLANG_WARN_OBJC_IMPLICIT_RETAIN_SELF = YES;
				CLANG_WARN_OBJC_LITERAL_CONVERSION = YES;
				CLANG_WARN_OBJC_ROOT_CLASS = YES_ERROR;
				CLANG_WARN_QUOTED_INCLUDE_IN_FRAMEWORK_HEADER = YES;
				CLANG_WARN_RANGE_LOOP_ANALYSIS = YES;
				CLANG_WARN_STRICT_PROTOTYPES = YES;
				CLANG_WARN_SUSPICIOUS_MOVE = YES;
				CLANG_WARN_UNGUARDED_AVAILABILITY = YES_AGGRESSIVE;
				CLANG_WARN_UNREACHABLE_CODE = YES;
				CLANG_WARN__DUPLICATE_METHOD_MATCH = YES;
				COPY_PHASE_STRIP = NO;
				DEBUG_INFORMATION_FORMAT = "dwarf-with-dsym";
				ENABLE_NS_ASSERTIONS = NO;
				ENABLE_STRICT_OBJC_MSGSEND = YES;
				ENABLE_USER_SCRIPT_SANDBOXING = YES;
				GCC_C_LANGUAGE_STANDARD = gnu17;
				GCC_NO_COMMON_BLOCKS = YES;
				GCC_WARN_64_TO_32_BIT_CONVERSION = YES;
				GCC_WARN_ABOUT_RETURN_TYPE = YES_ERROR;
				GCC_WARN_UNDECLARED_SELECTOR = YES;
				GCC_WARN_UNINITIALIZED_AUTOS = YES_AGGRESSIVE;
				GCC_WARN_UNUSED_FUNCTION = YES;
				GCC_WARN_UNUSED_VARIABLE = YES;
				IPHONEOS_DEPLOYMENT_TARGET = 17.2;
				LOCALIZATION_PREFERS_STRING_CATALOGS = YES;
				MTL_ENABLE_DEBUG_INFO = NO;
				MTL_FAST_MATH = YES;
				SDKROOT = iphoneos;
				SWIFT_COMPILATION_MODE = wholemodule;
				VALIDATE_PRODUCT = YES;
			};
			name = Release;
		};
		BF3AF24E2DABA5ED00915ACD /* Debug */ = {
			isa = XCBuildConfiguration;
			buildSettings = {
				ASSETCATALOG_COMPILER_APPICON_NAME = AppIcon;
				ASSETCATALOG_COMPILER_GLOBAL_ACCENT_COLOR_NAME = AccentColor;
				CODE_SIGN_STYLE = Automatic;
				CURRENT_PROJECT_VERSION = 1;
				DEVELOPMENT_TEAM = K3ZV6Z4Y33;
				GENERATE_INFOPLIST_FILE = YES;
				INFOPLIST_FILE = Typesetter/Info.plist;
				INFOPLIST_KEY_UIApplicationSupportsIndirectInputEvents = YES;
				INFOPLIST_KEY_UILaunchStoryboardName = LaunchScreen;
				INFOPLIST_KEY_UISupportedInterfaceOrientations_iPad = "UIInterfaceOrientationPortrait UIInterfaceOrientationPortraitUpsideDown UIInterfaceOrientationLandscapeLeft UIInterfaceOrientationLandscapeRight";
				INFOPLIST_KEY_UISupportedInterfaceOrientations_iPhone = "UIInterfaceOrientationPortrait UIInterfaceOrientationLandscapeLeft UIInterfaceOrientationLandscapeRight";
				LD_RUNPATH_SEARCH_PATHS = (
					"$(inherited)",
					"@executable_path/Frameworks",
				);
				MARKETING_VERSION = 1.0;
				PRODUCT_BUNDLE_IDENTIFIER = com.malinais.Typesetter;
				PRODUCT_NAME = "$(TARGET_NAME)";
				SWIFT_EMIT_LOC_STRINGS = YES;
				SWIFT_VERSION = 5.0;
				TARGETED_DEVICE_FAMILY = "1,2";
			};
			name = Debug;
		};
		BF3AF24F2DABA5ED00915ACD /* Release */ = {
			isa = XCBuildConfiguration;
			buildSettings = {
				ASSETCATALOG_COMPILER_APPICON_NAME = AppIcon;
				ASSETCATALOG_COMPILER_GLOBAL_ACCENT_COLOR_NAME = AccentColor;
				CODE_SIGN_STYLE = Automatic;
				CURRENT_PROJECT_VERSION = 1;
				DEVELOPMENT_TEAM = K3ZV6Z4Y33;
				GENERATE_INFOPLIST_FILE = YES;
				INFOPLIST_FILE = Typesetter/Info.plist;
				INFOPLIST_KEY_UIApplicationSupportsIndirectInputEvents = YES;
				INFOPLIST_KEY_UILaunchStoryboardName = LaunchScreen;
				INFOPLIST_KEY_UISupportedInterfaceOrientations_iPad = "UIInterfaceOrientationPortrait UIInterfaceOrientationPortraitUpsideDown UIInterfaceOrientationLandscapeLeft UIInterfaceOrientationLandscapeRight";
				INFOPLIST_KEY_UISupportedInterfaceOrientations_iPhone = "UIInterfaceOrientationPortrait UIInterfaceOrientationLandscapeLeft UIInterfaceOrientationLandscapeRight";
				LD_RUNPATH_SEARCH_PATHS = (
					"$(inherited)",
					"@executable_path/Frameworks",
				);
				MARKETING_VERSION = 1.0;
				PRODUCT_BUNDLE_IDENTIFIER = com.malinais.Typesetter;
				PRODUCT_NAME = "$(TARGET_NAME)";
				SWIFT_EMIT_LOC_STRINGS = YES;
				SWIFT_VERSION = 5.0;
				TARGETED_DEVICE_FAMILY = "1,2";
			};
			name = Release;
		};
/* End XCBuildConfiguration section */

/* Begin XCConfigurationList section */
		BF3AF2342DABA5EA00915ACD /* Build configuration list for PBXProject "Typesetter" */ = {
			isa = XCConfigurationList;
			buildConfigurations = (
				BF3AF24B2DABA5ED00915ACD /* Debug */,
				BF3AF24C2DABA5ED00915ACD /* Release */,
			);
			defaultConfigurationIsVisible = 0;
			defaultConfigurationName = Release;
		};
		BF3AF24D2DABA5ED00915ACD /* Build configuration list for PBXNativeTarget "Typesetter" */ = {
			isa = XCConfigurationList;
			buildConfigurations = (
				BF3AF24E2DABA5ED00915ACD /* Debug */,
				BF3AF24F2DABA5ED00915ACD /* Release */,
			);
			defaultConfigurationIsVisible = 0;
			defaultConfigurationName = Release;
		};
/* End XCConfigurationList section */
	};
	rootObject = BF3AF2312DABA5EA00915ACD /* Project object */;
}
